
Microsoft Visual Studio Solution File, Format Version 12.00
# Visual Studio 15
VisualStudioVersion = 15.0.28307.902
MinimumVisualStudioVersion = 10.0.40219.1
Project("{00D1A9C2-B5F0-4AF3-8072-F6C62B433612}") = "StackOverflow", "StackOverflow\StackOverflow.sqlproj", "{FCA379B0-11C5-4A43-AC99-830EDDE918A9}"
EndProject
Global
	GlobalSection(SolutionConfigurationPlatforms) = preSolution
		Debug|Any CPU = Debug|Any CPU
		Release|Any CPU = Release|Any CPU
	EndGlobalSection
	GlobalSection(ProjectConfigurationPlatforms) = postSolution
		{FCA379B0-11C5-4A43-AC99-830EDDE918A9}.Debug|Any CPU.ActiveCfg = Debug|Any CPU
		{FCA379B0-11C5-4A43-AC99-830EDDE918A9}.Debug|Any CPU.Build.0 = Debug|Any CPU
		{FCA379B0-11C5-4A43-AC99-830EDDE918A9}.Debug|Any CPU.Deploy.0 = Debug|Any CPU
		{FCA379B0-11C5-4A43-AC99-830EDDE918A9}.Release|Any CPU.ActiveCfg = Release|Any CPU
		{FCA379B0-11C5-4A43-AC99-830EDDE918A9}.Release|Any CPU.Build.0 = Release|Any CPU
		{FCA379B0-11C5-4A43-AC99-830EDDE918A9}.Release|Any CPU.Deploy.0 = Release|Any CPU
	EndGlobalSection
	GlobalSection(SolutionProperties) = preSolution
		HideSolutionNode = FALSE
	EndGlobalSection
	GlobalSection(ExtensibilityGlobals) = postSolution
		SolutionGuid = {922D6B0F-1D40-45C0-A268-7B6B9AF99261}
	EndGlobalSection
EndGlobal
