
Microsoft Visual Studio Solution File, Format Version 12.00
# Visual Studio 15
VisualStudioVersion = 15.0.28307.489
MinimumVisualStudioVersion = 10.0.40219.1
Project("{00D1A9C2-B5F0-4AF3-8072-F6C62B433612}") = "AdventureWorks", "AdventureWorks.sqlproj", "{9F32486F-7A04-454C-A5C9-B99589889860}"
EndProject
Global
	GlobalSection(SolutionConfigurationPlatforms) = preSolution
		Debug|Any CPU = Debug|Any CPU
		Release|Any CPU = Release|Any CPU
	EndGlobalSection
	GlobalSection(ProjectConfigurationPlatforms) = postSolution
		{9F32486F-7A04-454C-A5C9-B99589889860}.Debug|Any CPU.ActiveCfg = Debug|Any CPU
		{9F32486F-7A04-454C-A5C9-B99589889860}.Debug|Any CPU.Build.0 = Debug|Any CPU
		{9F32486F-7A04-454C-A5C9-B99589889860}.Debug|Any CPU.Deploy.0 = Debug|Any CPU
		{9F32486F-7A04-454C-A5C9-B99589889860}.Release|Any CPU.ActiveCfg = Release|Any CPU
		{9F32486F-7A04-454C-A5C9-B99589889860}.Release|Any CPU.Build.0 = Release|Any CPU
		{9F32486F-7A04-454C-A5C9-B99589889860}.Release|Any CPU.Deploy.0 = Release|Any CPU
	EndGlobalSection
	GlobalSection(SolutionProperties) = preSolution
		HideSolutionNode = FALSE
	EndGlobalSection
	GlobalSection(ExtensibilityGlobals) = postSolution
		SolutionGuid = {A42A7814-7DA7-4198-95DD-F0E44CBC963F}
	EndGlobalSection
EndGlobal
